
Microsoft Visual Studio Solution File, Format Version 12.00
# Visual Studio 14
VisualStudioVersion = 14.0.24720.0
MinimumVisualStudioVersion = 10.0.40219.1
Project("{FAE04EC0-301F-11D3-BF4B-00C04F79EFBC}") = "TweetsAround", "TweetsAround\TweetsAround.csproj", "{3EDA6D45-6F5F-4A51-841C-CB248473F581}"
EndProject
Project("{FAE04EC0-301F-11D3-BF4B-00C04F79EFBC}") = "TweetsConsumer", "TweetsConsumer\TweetsConsumer.csproj", "{C303CE8B-7398-4357-B49F-1FEC997AEDB3}"
EndProject
Global
	GlobalSection(SolutionConfigurationPlatforms) = preSolution
		Debug|Any CPU = Debug|Any CPU
		Release|Any CPU = Release|Any CPU
	EndGlobalSection
	GlobalSection(ProjectConfigurationPlatforms) = postSolution
		{3EDA6D45-6F5F-4A51-841C-CB248473F581}.Debug|Any CPU.ActiveCfg = Debug|Any CPU
		{3EDA6D45-6F5F-4A51-841C-CB248473F581}.Debug|Any CPU.Build.0 = Debug|Any CPU
		{3EDA6D45-6F5F-4A51-841C-CB248473F581}.Release|Any CPU.ActiveCfg = Release|Any CPU
		{3EDA6D45-6F5F-4A51-841C-CB248473F581}.Release|Any CPU.Build.0 = Release|Any CPU
		{C303CE8B-7398-4357-B49F-1FEC997AEDB3}.Debug|Any CPU.ActiveCfg = Debug|Any CPU
		{C303CE8B-7398-4357-B49F-1FEC997AEDB3}.Debug|Any CPU.Build.0 = Debug|Any CPU
		{C303CE8B-7398-4357-B49F-1FEC997AEDB3}.Release|Any CPU.ActiveCfg = Release|Any CPU
		{C303CE8B-7398-4357-B49F-1FEC997AEDB3}.Release|Any CPU.Build.0 = Release|Any CPU
	EndGlobalSection
	GlobalSection(SolutionProperties) = preSolution
		HideSolutionNode = FALSE
	EndGlobalSection
EndGlobal
